
Microsoft Visual Studio Solution File, Format Version 12.00
# Visual Studio Version 16
VisualStudioVersion = 16.0.32002.261
MinimumVisualStudioVersion = 10.0.40219.1
Project("{FAE04EC0-301F-11D3-BF4B-00C04F79EFBC}") = "caes_donos", "caes_donos\caes_donos.csproj", "{8ED20763-B9AF-4C6A-9F27-E66E1B9373DF}"
EndProject
Global
	GlobalSection(SolutionConfigurationPlatforms) = preSolution
		Debug|Any CPU = Debug|Any CPU
		Release|Any CPU = Release|Any CPU
	EndGlobalSection
	GlobalSection(ProjectConfigurationPlatforms) = postSolution
		{8ED20763-B9AF-4C6A-9F27-E66E1B9373DF}.Debug|Any CPU.ActiveCfg = Debug|Any CPU
		{8ED20763-B9AF-4C6A-9F27-E66E1B9373DF}.Debug|Any CPU.Build.0 = Debug|Any CPU
		{8ED20763-B9AF-4C6A-9F27-E66E1B9373DF}.Release|Any CPU.ActiveCfg = Release|Any CPU
		{8ED20763-B9AF-4C6A-9F27-E66E1B9373DF}.Release|Any CPU.Build.0 = Release|Any CPU
	EndGlobalSection
	GlobalSection(SolutionProperties) = preSolution
		HideSolutionNode = FALSE
	EndGlobalSection
	GlobalSection(ExtensibilityGlobals) = postSolution
		SolutionGuid = {2A72F1C3-B910-4FA3-BD64-08D08FC25FB8}
	EndGlobalSection
EndGlobal
